// !$*UTF8*$!
{
	archiveVersion = 1;
	classes = {
	};
	objectVersion = 46;
	objects = {

/* Begin PBXBuildFile section */
		2B448D8B1495928500526ED1 /* Foundation.framework in Frameworks */ = {isa = PBXBuildFile; fileRef = 2B448D8A1495928500526ED1 /* Foundation.framework */; };
		2B448D8E1495928500526ED1 /* main.m in Sources */ = {isa = PBXBuildFile; fileRef = 2B448D8D1495928500526ED1 /* main.m */; };
		2B448D921495928500526ED1 /* RetainCarousel.1 in CopyFiles */ = {isa = PBXBuildFile; fileRef = 2B448D911495928500526ED1 /* RetainCarousel.1 */; };
		2B448DA7149592CB00526ED1 /* RetainCarousel.m in Sources */ = {isa = PBXBuildFile; fileRef = 2B448DA2149592CB00526ED1 /* RetainCarousel.m */; };
		2B448DA8149592CB00526ED1 /* ObjectA.m in Sources */ = {isa = PBXBuildFile; fileRef = 2B448DA4149592CB00526ED1 /* ObjectA.m */; };
		2B448DA9149592CB00526ED1 /* ObjectB.m in Sources */ = {isa = PBXBuildFile; fileRef = 2B448DA6149592CB00526ED1 /* ObjectB.m */; };
		2B448DAC1495959A00526ED1 /* JRSwizzle.m in Sources */ = {isa = PBXBuildFile; fileRef = 2B448DAB1495959A00526ED1 /* JRSwizzle.m */; };
/* End PBXBuildFile section */

/* Begin PBXCopyFilesBuildPhase section */
		2B448D841495928500526ED1 /* CopyFiles */ = {
			isa = PBXCopyFilesBuildPhase;
			buildActionMask = 2147483647;
			dstPath = /usr/share/man/man1/;
			dstSubfolderSpec = 0;
			files = (
				2B448D921495928500526ED1 /* RetainCarousel.1 in CopyFiles */,
			);
			runOnlyForDeploymentPostprocessing = 1;
		};
/* End PBXCopyFilesBuildPhase section */

/* Begin PBXFileReference section */
		2B448D861495928500526ED1 /* RetainCarousel */ = {isa = PBXFileReference; explicitFileType = "compiled.mach-o.executable"; includeInIndex = 0; path = RetainCarousel; sourceTree = BUILT_PRODUCTS_DIR; };
		2B448D8A1495928500526ED1 /* Foundation.framework */ = {isa = PBXFileReference; lastKnownFileType = wrapper.framework; name = Foundation.framework; path = System/Library/Frameworks/Foundation.framework; sourceTree = SDKROOT; };
		2B448D8D1495928500526ED1 /* main.m */ = {isa = PBXFileReference; lastKnownFileType = sourcecode.c.objc; path = main.m; sourceTree = "<group>"; };
		2B448D901495928500526ED1 /* RetainCarousel-Prefix.pch */ = {isa = PBXFileReference; lastKnownFileType = sourcecode.c.h; path = "RetainCarousel-Prefix.pch"; sourceTree = "<group>"; };
		2B448D911495928500526ED1 /* RetainCarousel.1 */ = {isa = PBXFileReference; lastKnownFileType = text.man; path = RetainCarousel.1; sourceTree = "<group>"; };
		2B448DA1149592CB00526ED1 /* RetainCarousel.h */ = {isa = PBXFileReference; fileEncoding = 4; lastKnownFileType = sourcecode.c.h; path = RetainCarousel.h; sourceTree = "<group>"; };
		2B448DA2149592CB00526ED1 /* RetainCarousel.m */ = {isa = PBXFileReference; fileEncoding = 4; lastKnownFileType = sourcecode.c.objc; path = RetainCarousel.m; sourceTree = "<group>"; };
		2B448DA3149592CB00526ED1 /* ObjectA.h */ = {isa = PBXFileReference; fileEncoding = 4; lastKnownFileType = sourcecode.c.h; path = ObjectA.h; sourceTree = "<group>"; };
		2B448DA4149592CB00526ED1 /* ObjectA.m */ = {isa = PBXFileReference; fileEncoding = 4; lastKnownFileType = sourcecode.c.objc; path = ObjectA.m; sourceTree = "<group>"; };
		2B448DA5149592CB00526ED1 /* ObjectB.h */ = {isa = PBXFileReference; fileEncoding = 4; lastKnownFileType = sourcecode.c.h; path = ObjectB.h; sourceTree = "<group>"; };
		2B448DA6149592CB00526ED1 /* ObjectB.m */ = {isa = PBXFileReference; fileEncoding = 4; lastKnownFileType = sourcecode.c.objc; path = ObjectB.m; sourceTree = "<group>"; };
		2B448DAA1495959A00526ED1 /* JRSwizzle.h */ = {isa = PBXFileReference; fileEncoding = 4; lastKnownFileType = sourcecode.c.h; path = JRSwizzle.h; sourceTree = "<group>"; };
		2B448DAB1495959A00526ED1 /* JRSwizzle.m */ = {isa = PBXFileReference; fileEncoding = 4; lastKnownFileType = sourcecode.c.objc; path = JRSwizzle.m; sourceTree = "<group>"; };
/* End PBXFileReference section */

/* Begin PBXFrameworksBuildPhase section */
		2B448D831495928500526ED1 /* Frameworks */ = {
			isa = PBXFrameworksBuildPhase;
			buildActionMask = 2147483647;
			files = (
				2B448D8B1495928500526ED1 /* Foundation.framework in Frameworks */,
			);
			runOnlyForDeploymentPostprocessing = 0;
		};
/* End PBXFrameworksBuildPhase section */

/* Begin PBXGroup section */
		2B448D7B1495928500526ED1 = {
			isa = PBXGroup;
			children = (
				2B448D8C1495928500526ED1 /* RetainCarousel */,
				2B448D891495928500526ED1 /* Frameworks */,
				2B448D871495928500526ED1 /* Products */,
			);
			sourceTree = "<group>";
		};
		2B448D871495928500526ED1 /* Products */ = {
			isa = PBXGroup;
			children = (
				2B448D861495928500526ED1 /* RetainCarousel */,
			);
			name = Products;
			sourceTree = "<group>";
		};
		2B448D891495928500526ED1 /* Frameworks */ = {
			isa = PBXGroup;
			children = (
				2B448D8A1495928500526ED1 /* Foundation.framework */,
			);
			name = Frameworks;
			sourceTree = "<group>";
		};
		2B448D8C1495928500526ED1 /* RetainCarousel */ = {
			isa = PBXGroup;
			children = (
				2B448D8D1495928500526ED1 /* main.m */,
				2B448DA3149592CB00526ED1 /* ObjectA.h */,
				2B448DA4149592CB00526ED1 /* ObjectA.m */,
				2B448DA5149592CB00526ED1 /* ObjectB.h */,
				2B448DA6149592CB00526ED1 /* ObjectB.m */,
				2B448DA1149592CB00526ED1 /* RetainCarousel.h */,
				2B448DA2149592CB00526ED1 /* RetainCarousel.m */,
				2B448DAD149595A900526ED1 /* JRSwizzle */,
				2B448D911495928500526ED1 /* RetainCarousel.1 */,
				2B448D8F1495928500526ED1 /* Supporting Files */,
			);
			path = RetainCarousel;
			sourceTree = "<group>";
		};
		2B448D8F1495928500526ED1 /* Supporting Files */ = {
			isa = PBXGroup;
			children = (
				2B448D901495928500526ED1 /* RetainCarousel-Prefix.pch */,
			);
			name = "Supporting Files";
			sourceTree = "<group>";
		};
		2B448DAD149595A900526ED1 /* JRSwizzle */ = {
			isa = PBXGroup;
			children = (
				2B448DAA1495959A00526ED1 /* JRSwizzle.h */,
				2B448DAB1495959A00526ED1 /* JRSwizzle.m */,
			);
			name = JRSwizzle;
			sourceTree = "<group>";
		};
/* End PBXGroup section */

/* Begin PBXNativeTarget section */
		2B448D851495928500526ED1 /* RetainCarousel */ = {
			isa = PBXNativeTarget;
			buildConfigurationList = 2B448D951495928600526ED1 /* Build configuration list for PBXNativeTarget "RetainCarousel" */;
			buildPhases = (
				2B448D821495928500526ED1 /* Sources */,
				2B448D831495928500526ED1 /* Frameworks */,
				2B448D841495928500526ED1 /* CopyFiles */,
			);
			buildRules = (
			);
			dependencies = (
			);
			name = RetainCarousel;
			productName = RetainCarousel;
			productReference = 2B448D861495928500526ED1 /* RetainCarousel */;
			productType = "com.apple.product-type.tool";
		};
/* End PBXNativeTarget section */

/* Begin PBXProject section */
		2B448D7D1495928500526ED1 /* Project object */ = {
			isa = PBXProject;
			attributes = {
				LastUpgradeCheck = 0420;
			};
			buildConfigurationList = 2B448D801495928500526ED1 /* Build configuration list for PBXProject "RetainCarousel" */;
			compatibilityVersion = "Xcode 3.2";
			developmentRegion = English;
			hasScannedForEncodings = 0;
			knownRegions = (
				en,
			);
			mainGroup = 2B448D7B1495928500526ED1;
			productRefGroup = 2B448D871495928500526ED1 /* Products */;
			projectDirPath = "";
			projectRoot = "";
			targets = (
				2B448D851495928500526ED1 /* RetainCarousel */,
			);
		};
/* End PBXProject section */

/* Begin PBXSourcesBuildPhase section */
		2B448D821495928500526ED1 /* Sources */ = {
			isa = PBXSourcesBuildPhase;
			buildActionMask = 2147483647;
			files = (
				2B448D8E1495928500526ED1 /* main.m in Sources */,
				2B448DA7149592CB00526ED1 /* RetainCarousel.m in Sources */,
				2B448DA8149592CB00526ED1 /* ObjectA.m in Sources */,
				2B448DA9149592CB00526ED1 /* ObjectB.m in Sources */,
				2B448DAC1495959A00526ED1 /* JRSwizzle.m in Sources */,
			);
			runOnlyForDeploymentPostprocessing = 0;
		};
/* End PBXSourcesBuildPhase section */

/* Begin XCBuildConfiguration section */
		2B448D931495928600526ED1 /* Debug */ = {
			isa = XCBuildConfiguration;
			buildSettings = {
				ALWAYS_SEARCH_USER_PATHS = NO;
				ARCHS = "$(ARCHS_STANDARD_64_BIT)";
				COPY_PHASE_STRIP = NO;
				GCC_C_LANGUAGE_STANDARD = gnu99;
				GCC_DYNAMIC_NO_PIC = NO;
				GCC_ENABLE_OBJC_EXCEPTIONS = YES;
				GCC_OPTIMIZATION_LEVEL = 0;
				GCC_PREPROCESSOR_DEFINITIONS = (
					"DEBUG=1",
					"$(inherited)",
				);
				GCC_SYMBOLS_PRIVATE_EXTERN = NO;
				GCC_VERSION = com.apple.compilers.llvm.clang.1_0;
				GCC_WARN_64_TO_32_BIT_CONVERSION = YES;
				GCC_WARN_ABOUT_MISSING_PROTOTYPES = YES;
				GCC_WARN_ABOUT_RETURN_TYPE = YES;
				GCC_WARN_UNUSED_VARIABLE = YES;
				MACOSX_DEPLOYMENT_TARGET = 10.7;
				ONLY_ACTIVE_ARCH = YES;
				SDKROOT = macosx;
			};
			name = Debug;
		};
		2B448D941495928600526ED1 /* Release */ = {
			isa = XCBuildConfiguration;
			buildSettings = {
				ALWAYS_SEARCH_USER_PATHS = NO;
				ARCHS = "$(ARCHS_STANDARD_64_BIT)";
				COPY_PHASE_STRIP = YES;
				DEBUG_INFORMATION_FORMAT = "dwarf-with-dsym";
				GCC_C_LANGUAGE_STANDARD = gnu99;
				GCC_ENABLE_OBJC_EXCEPTIONS = YES;
				GCC_VERSION = com.apple.compilers.llvm.clang.1_0;
				GCC_WARN_64_TO_32_BIT_CONVERSION = YES;
				GCC_WARN_ABOUT_MISSING_PROTOTYPES = YES;
				GCC_WARN_ABOUT_RETURN_TYPE = YES;
				GCC_WARN_UNUSED_VARIABLE = YES;
				MACOSX_DEPLOYMENT_TARGET = 10.7;
				SDKROOT = macosx;
			};
			name = Release;
		};
		2B448D961495928600526ED1 /* Debug */ = {
			isa = XCBuildConfiguration;
			buildSettings = {
				GCC_PRECOMPILE_PREFIX_HEADER = YES;
				GCC_PREFIX_HEADER = "RetainCarousel/RetainCarousel-Prefix.pch";
				PRODUCT_NAME = "$(TARGET_NAME)";
			};
			name = Debug;
		};
		2B448D971495928600526ED1 /* Release */ = {
			isa = XCBuildConfiguration;
			buildSettings = {
				GCC_PRECOMPILE_PREFIX_HEADER = YES;
				GCC_PREFIX_HEADER = "RetainCarousel/RetainCarousel-Prefix.pch";
				PRODUCT_NAME = "$(TARGET_NAME)";
			};
			name = Release;
		};
/* End XCBuildConfiguration section */

/* Begin XCConfigurationList section */
		2B448D801495928500526ED1 /* Build configuration list for PBXProject "RetainCarousel" */ = {
			isa = XCConfigurationList;
			buildConfigurations = (
				2B448D931495928600526ED1 /* Debug */,
				2B448D941495928600526ED1 /* Release */,
			);
			defaultConfigurationIsVisible = 0;
			defaultConfigurationName = Release;
		};
		2B448D951495928600526ED1 /* Build configuration list for PBXNativeTarget "RetainCarousel" */ = {
			isa = XCConfigurationList;
			buildConfigurations = (
				2B448D961495928600526ED1 /* Debug */,
				2B448D971495928600526ED1 /* Release */,
			);
			defaultConfigurationIsVisible = 0;
			defaultConfigurationName = Release;
		};
/* End XCConfigurationList section */
	};
	rootObject = 2B448D7D1495928500526ED1 /* Project object */;
}
